
Microsoft Visual Studio Solution File, Format Version 12.00
# Visual Studio 15
VisualStudioVersion = 15.0.28307.329
MinimumVisualStudioVersion = 10.0.40219.1
Project("{9A19103F-16F7-4668-BE54-9A1E7A4F7556}") = "ProjectFastBgo", "ProjectFastBgo\ProjectFastBgo.csproj", "{F4311C73-F80B-4D2A-88BF-6E23E5F31913}"
EndProject
Project("{9A19103F-16F7-4668-BE54-9A1E7A4F7556}") = "ProjectFastBgo.Model", "ProjectFastBgo.Model\ProjectFastBgo.Model.csproj", "{76B60B8E-CB95-4B14-92CC-0AA57414C573}"
EndProject
Project("{9A19103F-16F7-4668-BE54-9A1E7A4F7556}") = "ProjectFastBgo.DataAccess", "ProjectFastBgo.DataAccess\ProjectFastBgo.DataAccess.csproj", "{F7E25BE5-CE6B-4278-9CF4-4D96A6CB2415}"
EndProject
Project("{9A19103F-16F7-4668-BE54-9A1E7A4F7556}") = "ProjectFastBgo.ViewModel", "ProjectFastBgo.ViewModel\ProjectFastBgo.ViewModel.csproj", "{0F315E5C-6050-45DD-8A77-41F54EA87938}"
EndProject
Project("{9A19103F-16F7-4668-BE54-9A1E7A4F7556}") = "ProjectFastBgo.Test", "ProjectFastBgo.Test\ProjectFastBgo.Test.csproj", "{F10B4EB9-30A5-4B1F-B4CE-ACE4E9A1117B}"
EndProject
Project("{9A19103F-16F7-4668-BE54-9A1E7A4F7556}") = "WalkingTec.Mvvm.Core", "WalkingTec.Mvvm.Core\WalkingTec.Mvvm.Core.csproj", "{A494D202-8BC4-420F-B631-67CF44004B9F}"
EndProject
Project("{9A19103F-16F7-4668-BE54-9A1E7A4F7556}") = "WalkingTec.Mvvm.Mvc", "WalkingTec.Mvvm.Mvc\WalkingTec.Mvvm.Mvc.csproj", "{E3FD4B7B-FFDA-478B-B2F7-90EC0F0EB00B}"
EndProject
Project("{9A19103F-16F7-4668-BE54-9A1E7A4F7556}") = "WalkingTec.Mvvm.Mvc.Admin", "WalkingTec.Mvvm.Mvc.Admin\WalkingTec.Mvvm.Mvc.Admin.csproj", "{07E6B0D2-805A-4D91-8CC4-EF20A8DF0A9B}"
EndProject
Project("{9A19103F-16F7-4668-BE54-9A1E7A4F7556}") = "WalkingTec.Mvvm.TagHelpers.LayUI", "WalkingTec.Mvvm.TagHelpers.LayUI\WalkingTec.Mvvm.TagHelpers.LayUI.csproj", "{2E1B03E5-6888-4E6B-9CC1-82FDD6360F0E}"
EndProject
Project("{9A19103F-16F7-4668-BE54-9A1E7A4F7556}") = "esdk_obs_.net_core", "AppSys.HuaWeiOBS\esdk_obs_.net_core.csproj", "{93B81EC0-A546-4546-A9AE-CAA40D6AA027}"
EndProject
Project("{9A19103F-16F7-4668-BE54-9A1E7A4F7556}") = "AppSys.Utility", "AppSys.Utility\AppSys.Utility.csproj", "{F9416224-AD16-488D-8708-AA38BA68BF56}"
EndProject
Project("{9A19103F-16F7-4668-BE54-9A1E7A4F7556}") = "AppSys.HostService", "AppSys.HostService\AppSys.HostService.csproj", "{C53C7C4C-922E-4EBC-A8BE-537DE8CECF4C}"
EndProject
Project("{9A19103F-16F7-4668-BE54-9A1E7A4F7556}") = "AppSys.Framework", "AppSys.Framework\AppSys.Framework.csproj", "{5931E0DE-BBA2-4274-A01D-3E54D8674B32}"
EndProject
Project("{9A19103F-16F7-4668-BE54-9A1E7A4F7556}") = "AppSys.CoreCommon", "AppSys.CoreCommon\AppSys.CoreCommon.csproj", "{1C5FF372-6D7A-4B62-83F6-2357B350A05C}"
EndProject
Global
	GlobalSection(SolutionConfigurationPlatforms) = preSolution
		Debug|Any CPU = Debug|Any CPU
		Release|Any CPU = Release|Any CPU
		test|Any CPU = test|Any CPU
	EndGlobalSection
	GlobalSection(ProjectConfigurationPlatforms) = postSolution
		{F4311C73-F80B-4D2A-88BF-6E23E5F31913}.Debug|Any CPU.ActiveCfg = Debug|Any CPU
		{F4311C73-F80B-4D2A-88BF-6E23E5F31913}.Debug|Any CPU.Build.0 = Debug|Any CPU
		{F4311C73-F80B-4D2A-88BF-6E23E5F31913}.Release|Any CPU.ActiveCfg = Release|Any CPU
		{F4311C73-F80B-4D2A-88BF-6E23E5F31913}.Release|Any CPU.Build.0 = Release|Any CPU
		{F4311C73-F80B-4D2A-88BF-6E23E5F31913}.test|Any CPU.ActiveCfg = Release|Any CPU
		{F4311C73-F80B-4D2A-88BF-6E23E5F31913}.test|Any CPU.Build.0 = Release|Any CPU
		{76B60B8E-CB95-4B14-92CC-0AA57414C573}.Debug|Any CPU.ActiveCfg = Debug|Any CPU
		{76B60B8E-CB95-4B14-92CC-0AA57414C573}.Debug|Any CPU.Build.0 = Debug|Any CPU
		{76B60B8E-CB95-4B14-92CC-0AA57414C573}.Release|Any CPU.ActiveCfg = Release|Any CPU
		{76B60B8E-CB95-4B14-92CC-0AA57414C573}.Release|Any CPU.Build.0 = Release|Any CPU
		{76B60B8E-CB95-4B14-92CC-0AA57414C573}.test|Any CPU.ActiveCfg = Release|Any CPU
		{76B60B8E-CB95-4B14-92CC-0AA57414C573}.test|Any CPU.Build.0 = Release|Any CPU
		{F7E25BE5-CE6B-4278-9CF4-4D96A6CB2415}.Debug|Any CPU.ActiveCfg = Debug|Any CPU
		{F7E25BE5-CE6B-4278-9CF4-4D96A6CB2415}.Debug|Any CPU.Build.0 = Debug|Any CPU
		{F7E25BE5-CE6B-4278-9CF4-4D96A6CB2415}.Release|Any CPU.ActiveCfg = Release|Any CPU
		{F7E25BE5-CE6B-4278-9CF4-4D96A6CB2415}.Release|Any CPU.Build.0 = Release|Any CPU
		{F7E25BE5-CE6B-4278-9CF4-4D96A6CB2415}.test|Any CPU.ActiveCfg = Release|Any CPU
		{F7E25BE5-CE6B-4278-9CF4-4D96A6CB2415}.test|Any CPU.Build.0 = Release|Any CPU
		{0F315E5C-6050-45DD-8A77-41F54EA87938}.Debug|Any CPU.ActiveCfg = Debug|Any CPU
		{0F315E5C-6050-45DD-8A77-41F54EA87938}.Debug|Any CPU.Build.0 = Debug|Any CPU
		{0F315E5C-6050-45DD-8A77-41F54EA87938}.Release|Any CPU.ActiveCfg = Release|Any CPU
		{0F315E5C-6050-45DD-8A77-41F54EA87938}.Release|Any CPU.Build.0 = Release|Any CPU
		{0F315E5C-6050-45DD-8A77-41F54EA87938}.test|Any CPU.ActiveCfg = Release|Any CPU
		{0F315E5C-6050-45DD-8A77-41F54EA87938}.test|Any CPU.Build.0 = Release|Any CPU
		{F10B4EB9-30A5-4B1F-B4CE-ACE4E9A1117B}.Debug|Any CPU.ActiveCfg = Debug|Any CPU
		{F10B4EB9-30A5-4B1F-B4CE-ACE4E9A1117B}.Debug|Any CPU.Build.0 = Debug|Any CPU
		{F10B4EB9-30A5-4B1F-B4CE-ACE4E9A1117B}.Release|Any CPU.ActiveCfg = Release|Any CPU
		{F10B4EB9-30A5-4B1F-B4CE-ACE4E9A1117B}.Release|Any CPU.Build.0 = Release|Any CPU
		{F10B4EB9-30A5-4B1F-B4CE-ACE4E9A1117B}.test|Any CPU.ActiveCfg = Release|Any CPU
		{F10B4EB9-30A5-4B1F-B4CE-ACE4E9A1117B}.test|Any CPU.Build.0 = Release|Any CPU
		{A494D202-8BC4-420F-B631-67CF44004B9F}.Debug|Any CPU.ActiveCfg = Debug|Any CPU
		{A494D202-8BC4-420F-B631-67CF44004B9F}.Debug|Any CPU.Build.0 = Debug|Any CPU
		{A494D202-8BC4-420F-B631-67CF44004B9F}.Release|Any CPU.ActiveCfg = Release|Any CPU
		{A494D202-8BC4-420F-B631-67CF44004B9F}.Release|Any CPU.Build.0 = Release|Any CPU
		{A494D202-8BC4-420F-B631-67CF44004B9F}.test|Any CPU.ActiveCfg = Release|Any CPU
		{A494D202-8BC4-420F-B631-67CF44004B9F}.test|Any CPU.Build.0 = Release|Any CPU
		{E3FD4B7B-FFDA-478B-B2F7-90EC0F0EB00B}.Debug|Any CPU.ActiveCfg = Debug|Any CPU
		{E3FD4B7B-FFDA-478B-B2F7-90EC0F0EB00B}.Debug|Any CPU.Build.0 = Debug|Any CPU
		{E3FD4B7B-FFDA-478B-B2F7-90EC0F0EB00B}.Release|Any CPU.ActiveCfg = Release|Any CPU
		{E3FD4B7B-FFDA-478B-B2F7-90EC0F0EB00B}.Release|Any CPU.Build.0 = Release|Any CPU
		{E3FD4B7B-FFDA-478B-B2F7-90EC0F0EB00B}.test|Any CPU.ActiveCfg = Release|Any CPU
		{E3FD4B7B-FFDA-478B-B2F7-90EC0F0EB00B}.test|Any CPU.Build.0 = Release|Any CPU
		{07E6B0D2-805A-4D91-8CC4-EF20A8DF0A9B}.Debug|Any CPU.ActiveCfg = Debug|Any CPU
		{07E6B0D2-805A-4D91-8CC4-EF20A8DF0A9B}.Debug|Any CPU.Build.0 = Debug|Any CPU
		{07E6B0D2-805A-4D91-8CC4-EF20A8DF0A9B}.Release|Any CPU.ActiveCfg = Release|Any CPU
		{07E6B0D2-805A-4D91-8CC4-EF20A8DF0A9B}.Release|Any CPU.Build.0 = Release|Any CPU
		{07E6B0D2-805A-4D91-8CC4-EF20A8DF0A9B}.test|Any CPU.ActiveCfg = Release|Any CPU
		{07E6B0D2-805A-4D91-8CC4-EF20A8DF0A9B}.test|Any CPU.Build.0 = Release|Any CPU
		{2E1B03E5-6888-4E6B-9CC1-82FDD6360F0E}.Debug|Any CPU.ActiveCfg = Debug|Any CPU
		{2E1B03E5-6888-4E6B-9CC1-82FDD6360F0E}.Debug|Any CPU.Build.0 = Debug|Any CPU
		{2E1B03E5-6888-4E6B-9CC1-82FDD6360F0E}.Release|Any CPU.ActiveCfg = Release|Any CPU
		{2E1B03E5-6888-4E6B-9CC1-82FDD6360F0E}.Release|Any CPU.Build.0 = Release|Any CPU
		{2E1B03E5-6888-4E6B-9CC1-82FDD6360F0E}.test|Any CPU.ActiveCfg = Release|Any CPU
		{2E1B03E5-6888-4E6B-9CC1-82FDD6360F0E}.test|Any CPU.Build.0 = Release|Any CPU
		{93B81EC0-A546-4546-A9AE-CAA40D6AA027}.Debug|Any CPU.ActiveCfg = Debug|Any CPU
		{93B81EC0-A546-4546-A9AE-CAA40D6AA027}.Debug|Any CPU.Build.0 = Debug|Any CPU
		{93B81EC0-A546-4546-A9AE-CAA40D6AA027}.Release|Any CPU.ActiveCfg = Release|Any CPU
		{93B81EC0-A546-4546-A9AE-CAA40D6AA027}.Release|Any CPU.Build.0 = Release|Any CPU
		{93B81EC0-A546-4546-A9AE-CAA40D6AA027}.test|Any CPU.ActiveCfg = test|Any CPU
		{93B81EC0-A546-4546-A9AE-CAA40D6AA027}.test|Any CPU.Build.0 = test|Any CPU
		{F9416224-AD16-488D-8708-AA38BA68BF56}.Debug|Any CPU.ActiveCfg = Debug|Any CPU
		{F9416224-AD16-488D-8708-AA38BA68BF56}.Debug|Any CPU.Build.0 = Debug|Any CPU
		{F9416224-AD16-488D-8708-AA38BA68BF56}.Release|Any CPU.ActiveCfg = Release|Any CPU
		{F9416224-AD16-488D-8708-AA38BA68BF56}.Release|Any CPU.Build.0 = Release|Any CPU
		{F9416224-AD16-488D-8708-AA38BA68BF56}.test|Any CPU.ActiveCfg = Debug|Any CPU
		{F9416224-AD16-488D-8708-AA38BA68BF56}.test|Any CPU.Build.0 = Debug|Any CPU
		{C53C7C4C-922E-4EBC-A8BE-537DE8CECF4C}.Debug|Any CPU.ActiveCfg = Debug|Any CPU
		{C53C7C4C-922E-4EBC-A8BE-537DE8CECF4C}.Debug|Any CPU.Build.0 = Debug|Any CPU
		{C53C7C4C-922E-4EBC-A8BE-537DE8CECF4C}.Release|Any CPU.ActiveCfg = Release|Any CPU
		{C53C7C4C-922E-4EBC-A8BE-537DE8CECF4C}.Release|Any CPU.Build.0 = Release|Any CPU
		{C53C7C4C-922E-4EBC-A8BE-537DE8CECF4C}.test|Any CPU.ActiveCfg = Debug|Any CPU
		{C53C7C4C-922E-4EBC-A8BE-537DE8CECF4C}.test|Any CPU.Build.0 = Debug|Any CPU
		{5931E0DE-BBA2-4274-A01D-3E54D8674B32}.Debug|Any CPU.ActiveCfg = Debug|Any CPU
		{5931E0DE-BBA2-4274-A01D-3E54D8674B32}.Debug|Any CPU.Build.0 = Debug|Any CPU
		{5931E0DE-BBA2-4274-A01D-3E54D8674B32}.Release|Any CPU.ActiveCfg = Release|Any CPU
		{5931E0DE-BBA2-4274-A01D-3E54D8674B32}.Release|Any CPU.Build.0 = Release|Any CPU
		{5931E0DE-BBA2-4274-A01D-3E54D8674B32}.test|Any CPU.ActiveCfg = Debug|Any CPU
		{5931E0DE-BBA2-4274-A01D-3E54D8674B32}.test|Any CPU.Build.0 = Debug|Any CPU
		{1C5FF372-6D7A-4B62-83F6-2357B350A05C}.Debug|Any CPU.ActiveCfg = Debug|Any CPU
		{1C5FF372-6D7A-4B62-83F6-2357B350A05C}.Debug|Any CPU.Build.0 = Debug|Any CPU
		{1C5FF372-6D7A-4B62-83F6-2357B350A05C}.Release|Any CPU.ActiveCfg = Release|Any CPU
		{1C5FF372-6D7A-4B62-83F6-2357B350A05C}.Release|Any CPU.Build.0 = Release|Any CPU
		{1C5FF372-6D7A-4B62-83F6-2357B350A05C}.test|Any CPU.ActiveCfg = Debug|Any CPU
		{1C5FF372-6D7A-4B62-83F6-2357B350A05C}.test|Any CPU.Build.0 = Debug|Any CPU
	EndGlobalSection
	GlobalSection(SolutionProperties) = preSolution
		HideSolutionNode = FALSE
	EndGlobalSection
	GlobalSection(ExtensibilityGlobals) = postSolution
		SolutionGuid = {1F219808-E6E8-4C1D-B846-41F2F7CF20FA}
	EndGlobalSection
EndGlobal
